// !$*UTF8*$!
{
	archiveVersion = 1;
	classes = {
	};
	objectVersion = 50;
	objects = {

/* Begin PBXBuildFile section */
		604389E525184AACBBB04755 /* Pods_AR_Duck_Hunt.framework in Frameworks */ = {isa = PBXBuildFile; fileRef = D099F305C458166768D63A48 /* Pods_AR_Duck_Hunt.framework */; };
		A13207142218A10A00AFC297 /* AppDelegate.swift in Sources */ = {isa = PBXBuildFile; fileRef = A13207132218A10A00AFC297 /* AppDelegate.swift */; };
		A13207162218A10A00AFC297 /* ViewController.swift in Sources */ = {isa = PBXBuildFile; fileRef = A13207152218A10A00AFC297 /* ViewController.swift */; };
		A13207192218A10A00AFC297 /* Main.storyboard in Resources */ = {isa = PBXBuildFile; fileRef = A13207172218A10A00AFC297 /* Main.storyboard */; };
		A132071B2218A10B00AFC297 /* Assets.xcassets in Resources */ = {isa = PBXBuildFile; fileRef = A132071A2218A10B00AFC297 /* Assets.xcassets */; };
		A132071E2218A10B00AFC297 /* LaunchScreen.storyboard in Resources */ = {isa = PBXBuildFile; fileRef = A132071C2218A10B00AFC297 /* LaunchScreen.storyboard */; };
		A13207262218AB4700AFC297 /* Media.scnassets in Resources */ = {isa = PBXBuildFile; fileRef = A13207252218AB4600AFC297 /* Media.scnassets */; };
		A132072C221A15A000AFC297 /* MainNavigationController.swift in Sources */ = {isa = PBXBuildFile; fileRef = A132072B221A15A000AFC297 /* MainNavigationController.swift */; };
/* End PBXBuildFile section */

/* Begin PBXFileReference section */
		A13207102218A10A00AFC297 /* AR-Duck-Hunt.app */ = {isa = PBXFileReference; explicitFileType = wrapper.application; includeInIndex = 0; path = "AR-Duck-Hunt.app"; sourceTree = BUILT_PRODUCTS_DIR; };
		A13207132218A10A00AFC297 /* AppDelegate.swift */ = {isa = PBXFileReference; lastKnownFileType = sourcecode.swift; path = AppDelegate.swift; sourceTree = "<group>"; };
		A13207152218A10A00AFC297 /* ViewController.swift */ = {isa = PBXFileReference; lastKnownFileType = sourcecode.swift; path = ViewController.swift; sourceTree = "<group>"; };
		A13207182218A10A00AFC297 /* Base */ = {isa = PBXFileReference; lastKnownFileType = file.storyboard; name = Base; path = Base.lproj/Main.storyboard; sourceTree = "<group>"; };
		A132071A2218A10B00AFC297 /* Assets.xcassets */ = {isa = PBXFileReference; lastKnownFileType = folder.assetcatalog; path = Assets.xcassets; sourceTree = "<group>"; };
		A132071D2218A10B00AFC297 /* Base */ = {isa = PBXFileReference; lastKnownFileType = file.storyboard; name = Base; path = Base.lproj/LaunchScreen.storyboard; sourceTree = "<group>"; };
		A132071F2218A10B00AFC297 /* Info.plist */ = {isa = PBXFileReference; lastKnownFileType = text.plist.xml; path = Info.plist; sourceTree = "<group>"; };
		A13207252218AB4600AFC297 /* Media.scnassets */ = {isa = PBXFileReference; lastKnownFileType = wrapper.scnassets; path = Media.scnassets; sourceTree = "<group>"; };
		A132072B221A15A000AFC297 /* MainNavigationController.swift */ = {isa = PBXFileReference; lastKnownFileType = sourcecode.swift; path = MainNavigationController.swift; sourceTree = "<group>"; };
		C81B2EDD76CDBEA553E76088 /* Pods-AR-Duck-Hunt.release.xcconfig */ = {isa = PBXFileReference; includeInIndex = 1; lastKnownFileType = text.xcconfig; name = "Pods-AR-Duck-Hunt.release.xcconfig"; path = "Pods/Target Support Files/Pods-AR-Duck-Hunt/Pods-AR-Duck-Hunt.release.xcconfig"; sourceTree = "<group>"; };
		D099F305C458166768D63A48 /* Pods_AR_Duck_Hunt.framework */ = {isa = PBXFileReference; explicitFileType = wrapper.framework; includeInIndex = 0; path = Pods_AR_Duck_Hunt.framework; sourceTree = BUILT_PRODUCTS_DIR; };
		D1AA5A170AD6E196D0BAC68B /* Pods-AR-Duck-Hunt.debug.xcconfig */ = {isa = PBXFileReference; includeInIndex = 1; lastKnownFileType = text.xcconfig; name = "Pods-AR-Duck-Hunt.debug.xcconfig"; path = "Pods/Target Support Files/Pods-AR-Duck-Hunt/Pods-AR-Duck-Hunt.debug.xcconfig"; sourceTree = "<group>"; };
/* End PBXFileReference section */

/* Begin PBXFrameworksBuildPhase section */
		A132070D2218A10A00AFC297 /* Frameworks */ = {
			isa = PBXFrameworksBuildPhase;
			buildActionMask = 2147483647;
			files = (
				604389E525184AACBBB04755 /* Pods_AR_Duck_Hunt.framework in Frameworks */,
			);
			runOnlyForDeploymentPostprocessing = 0;
		};
/* End PBXFrameworksBuildPhase section */

/* Begin PBXGroup section */
		37B0BE265481598E1E280C96 /* Pods */ = {
			isa = PBXGroup;
			children = (
				D1AA5A170AD6E196D0BAC68B /* Pods-AR-Duck-Hunt.debug.xcconfig */,
				C81B2EDD76CDBEA553E76088 /* Pods-AR-Duck-Hunt.release.xcconfig */,
			);
			name = Pods;
			sourceTree = "<group>";
		};
		48C897C201CB9E38DEB41B22 /* Frameworks */ = {
			isa = PBXGroup;
			children = (
				D099F305C458166768D63A48 /* Pods_AR_Duck_Hunt.framework */,
			);
			name = Frameworks;
			sourceTree = "<group>";
		};
		A13207072218A10A00AFC297 = {
			isa = PBXGroup;
			children = (
				A13207122218A10A00AFC297 /* AR-Duck-Hunt */,
				A13207112218A10A00AFC297 /* Products */,
				37B0BE265481598E1E280C96 /* Pods */,
				48C897C201CB9E38DEB41B22 /* Frameworks */,
			);
			sourceTree = "<group>";
		};
		A13207112218A10A00AFC297 /* Products */ = {
			isa = PBXGroup;
			children = (
				A13207102218A10A00AFC297 /* AR-Duck-Hunt.app */,
			);
			name = Products;
			sourceTree = "<group>";
		};
		A13207122218A10A00AFC297 /* AR-Duck-Hunt */ = {
			isa = PBXGroup;
			children = (
				A13207132218A10A00AFC297 /* AppDelegate.swift */,
				A132072B221A15A000AFC297 /* MainNavigationController.swift */,
				A13207152218A10A00AFC297 /* ViewController.swift */,
				A13207172218A10A00AFC297 /* Main.storyboard */,
				A132071A2218A10B00AFC297 /* Assets.xcassets */,
				A13207252218AB4600AFC297 /* Media.scnassets */,
				A132071C2218A10B00AFC297 /* LaunchScreen.storyboard */,
				A132071F2218A10B00AFC297 /* Info.plist */,
			);
			path = "AR-Duck-Hunt";
			sourceTree = "<group>";
		};
/* End PBXGroup section */

/* Begin PBXNativeTarget section */
		A132070F2218A10A00AFC297 /* AR-Duck-Hunt */ = {
			isa = PBXNativeTarget;
			buildConfigurationList = A13207222218A10B00AFC297 /* Build configuration list for PBXNativeTarget "AR-Duck-Hunt" */;
			buildPhases = (
				3521A94FDF989A4292A6DD49 /* [CP] Check Pods Manifest.lock */,
				A132070C2218A10A00AFC297 /* Sources */,
				A132070D2218A10A00AFC297 /* Frameworks */,
				A132070E2218A10A00AFC297 /* Resources */,
				AF8737DB7F27F01615D8F2CE /* [CP] Embed Pods Frameworks */,
			);
			buildRules = (
			);
			dependencies = (
			);
			name = "AR-Duck-Hunt";
			productName = "AR-Duck-Hunt";
			productReference = A13207102218A10A00AFC297 /* AR-Duck-Hunt.app */;
			productType = "com.apple.product-type.application";
		};
/* End PBXNativeTarget section */

/* Begin PBXProject section */
		A13207082218A10A00AFC297 /* Project object */ = {
			isa = PBXProject;
			attributes = {
				LastSwiftUpdateCheck = 1010;
				LastUpgradeCheck = 1010;
				ORGANIZATIONNAME = "Andy Wu";
				TargetAttributes = {
					A132070F2218A10A00AFC297 = {
						CreatedOnToolsVersion = 10.1;
					};
				};
			};
			buildConfigurationList = A132070B2218A10A00AFC297 /* Build configuration list for PBXProject "AR-Duck-Hunt" */;
			compatibilityVersion = "Xcode 9.3";
			developmentRegion = en;
			hasScannedForEncodings = 0;
			knownRegions = (
				en,
				Base,
			);
			mainGroup = A13207072218A10A00AFC297;
			productRefGroup = A13207112218A10A00AFC297 /* Products */;
			projectDirPath = "";
			projectRoot = "";
			targets = (
				A132070F2218A10A00AFC297 /* AR-Duck-Hunt */,
			);
		};
/* End PBXProject section */

/* Begin PBXResourcesBuildPhase section */
		A132070E2218A10A00AFC297 /* Resources */ = {
			isa = PBXResourcesBuildPhase;
			buildActionMask = 2147483647;
			files = (
				A132071E2218A10B00AFC297 /* LaunchScreen.storyboard in Resources */,
				A132071B2218A10B00AFC297 /* Assets.xcassets in Resources */,
				A13207262218AB4700AFC297 /* Media.scnassets in Resources */,
				A13207192218A10A00AFC297 /* Main.storyboard in Resources */,
			);
			runOnlyForDeploymentPostprocessing = 0;
		};
/* End PBXResourcesBuildPhase section */

/* Begin PBXShellScriptBuildPhase section */
		3521A94FDF989A4292A6DD49 /* [CP] Check Pods Manifest.lock */ = {
			isa = PBXShellScriptBuildPhase;
			buildActionMask = 2147483647;
			files = (
			);
			inputFileListPaths = (
			);
			inputPaths = (
				"${PODS_PODFILE_DIR_PATH}/Podfile.lock",
				"${PODS_ROOT}/Manifest.lock",
			);
			name = "[CP] Check Pods Manifest.lock";
			outputFileListPaths = (
			);
			outputPaths = (
				"$(DERIVED_FILE_DIR)/Pods-AR-Duck-Hunt-checkManifestLockResult.txt",
			);
			runOnlyForDeploymentPostprocessing = 0;
			shellPath = /bin/sh;
			shellScript = "diff \"${PODS_PODFILE_DIR_PATH}/Podfile.lock\" \"${PODS_ROOT}/Manifest.lock\" > /dev/null\nif [ $? != 0 ] ; then\n    # print error to STDERR\n    echo \"error: The sandbox is not in sync with the Podfile.lock. Run 'pod install' or update your CocoaPods installation.\" >&2\n    exit 1\nfi\n# This output is used by Xcode 'outputs' to avoid re-running this script phase.\necho \"SUCCESS\" > \"${SCRIPT_OUTPUT_FILE_0}\"\n";
			showEnvVarsInLog = 0;
		};
		AF8737DB7F27F01615D8F2CE /* [CP] Embed Pods Frameworks */ = {
			isa = PBXShellScriptBuildPhase;
			buildActionMask = 2147483647;
			files = (
			);
			inputFileListPaths = (
			);
			inputPaths = (
				"${SRCROOT}/Pods/Target Support Files/Pods-AR-Duck-Hunt/Pods-AR-Duck-Hunt-frameworks.sh",
				"${BUILT_PRODUCTS_DIR}/Each/Each.framework",
			);
			name = "[CP] Embed Pods Frameworks";
			outputFileListPaths = (
			);
			outputPaths = (
				"${TARGET_BUILD_DIR}/${FRAMEWORKS_FOLDER_PATH}/Each.framework",
			);
			runOnlyForDeploymentPostprocessing = 0;
			shellPath = /bin/sh;
			shellScript = "\"${SRCROOT}/Pods/Target Support Files/Pods-AR-Duck-Hunt/Pods-AR-Duck-Hunt-frameworks.sh\"\n";
			showEnvVarsInLog = 0;
		};
/* End PBXShellScriptBuildPhase section */

/* Begin PBXSourcesBuildPhase section */
		A132070C2218A10A00AFC297 /* Sources */ = {
			isa = PBXSourcesBuildPhase;
			buildActionMask = 2147483647;
			files = (
				A132072C221A15A000AFC297 /* MainNavigationController.swift in Sources */,
				A13207162218A10A00AFC297 /* ViewController.swift in Sources */,
				A13207142218A10A00AFC297 /* AppDelegate.swift in Sources */,
			);
			runOnlyForDeploymentPostprocessing = 0;
		};
/* End PBXSourcesBuildPhase section */

/* Begin PBXVariantGroup section */
		A13207172218A10A00AFC297 /* Main.storyboard */ = {
			isa = PBXVariantGroup;
			children = (
				A13207182218A10A00AFC297 /* Base */,
			);
			name = Main.storyboard;
			sourceTree = "<group>";
		};
		A132071C2218A10B00AFC297 /* LaunchScreen.storyboard */ = {
			isa = PBXVariantGroup;
			children = (
				A132071D2218A10B00AFC297 /* Base */,
			);
			name = LaunchScreen.storyboard;
			sourceTree = "<group>";
		};
/* End PBXVariantGroup section */

/* Begin XCBuildConfiguration section */
		A13207202218A10B00AFC297 /* Debug */ = {
			isa = XCBuildConfiguration;
			buildSettings = {
				ALWAYS_SEARCH_USER_PATHS = NO;
				CLANG_ANALYZER_NONNULL = YES;
				CLANG_ANALYZER_NUMBER_OBJECT_CONVERSION = YES_AGGRESSIVE;
				CLANG_CXX_LANGUAGE_STANDARD = "gnu++14";
				CLANG_CXX_LIBRARY = "libc++";
				CLANG_ENABLE_MODULES = YES;
				CLANG_ENABLE_OBJC_ARC = YES;
				CLANG_ENABLE_OBJC_WEAK = YES;
				CLANG_WARN_BLOCK_CAPTURE_AUTORELEASING = YES;
				CLANG_WARN_BOOL_CONVERSION = YES;
				CLANG_WARN_COMMA = YES;
				CLANG_WARN_CONSTANT_CONVERSION = YES;
				CLANG_WARN_DEPRECATED_OBJC_IMPLEMENTATIONS = YES;
				CLANG_WARN_DIRECT_OBJC_ISA_USAGE = YES_ERROR;
				CLANG_WARN_DOCUMENTATION_COMMENTS = YES;
				CLANG_WARN_EMPTY_BODY = YES;
				CLANG_WARN_ENUM_CONVERSION = YES;
				CLANG_WARN_INFINITE_RECURSION = YES;
				CLANG_WARN_INT_CONVERSION = YES;
				CLANG_WARN_NON_LITERAL_NULL_CONVERSION = YES;
				CLANG_WARN_OBJC_IMPLICIT_RETAIN_SELF = YES;
				CLANG_WARN_OBJC_LITERAL_CONVERSION = YES;
				CLANG_WARN_OBJC_ROOT_CLASS = YES_ERROR;
				CLANG_WARN_RANGE_LOOP_ANALYSIS = YES;
				CLANG_WARN_STRICT_PROTOTYPES = YES;
				CLANG_WARN_SUSPICIOUS_MOVE = YES;
				CLANG_WARN_UNGUARDED_AVAILABILITY = YES_AGGRESSIVE;
				CLANG_WARN_UNREACHABLE_CODE = YES;
				CLANG_WARN__DUPLICATE_METHOD_MATCH = YES;
				CODE_SIGN_IDENTITY = "iPhone Developer";
				COPY_PHASE_STRIP = NO;
				DEBUG_INFORMATION_FORMAT = dwarf;
				ENABLE_STRICT_OBJC_MSGSEND = YES;
				ENABLE_TESTABILITY = YES;
				GCC_C_LANGUAGE_STANDARD = gnu11;
				GCC_DYNAMIC_NO_PIC = NO;
				GCC_NO_COMMON_BLOCKS = YES;
				GCC_OPTIMIZATION_LEVEL = 0;
				GCC_PREPROCESSOR_DEFINITIONS = (
					"DEBUG=1",
					"$(inherited)",
				);
				GCC_WARN_64_TO_32_BIT_CONVERSION = YES;
				GCC_WARN_ABOUT_RETURN_TYPE = YES_ERROR;
				GCC_WARN_UNDECLARED_SELECTOR = YES;
				GCC_WARN_UNINITIALIZED_AUTOS = YES_AGGRESSIVE;
				GCC_WARN_UNUSED_FUNCTION = YES;
				GCC_WARN_UNUSED_VARIABLE = YES;
				IPHONEOS_DEPLOYMENT_TARGET = 12.1;
				MTL_ENABLE_DEBUG_INFO = INCLUDE_SOURCE;
				MTL_FAST_MATH = YES;
				ONLY_ACTIVE_ARCH = YES;
				SDKROOT = iphoneos;
				SWIFT_ACTIVE_COMPILATION_CONDITIONS = DEBUG;
				SWIFT_OPTIMIZATION_LEVEL = "-Onone";
			};
			name = Debug;
		};
		A13207212218A10B00AFC297 /* Release */ = {
			isa = XCBuildConfiguration;
			buildSettings = {
				ALWAYS_SEARCH_USER_PATHS = NO;
				CLANG_ANALYZER_NONNULL = YES;
				CLANG_ANALYZER_NUMBER_OBJECT_CONVERSION = YES_AGGRESSIVE;
				CLANG_CXX_LANGUAGE_STANDARD = "gnu++14";
				CLANG_CXX_LIBRARY = "libc++";
				CLANG_ENABLE_MODULES = YES;
				CLANG_ENABLE_OBJC_ARC = YES;
				CLANG_ENABLE_OBJC_WEAK = YES;
				CLANG_WARN_BLOCK_CAPTURE_AUTORELEASING = YES;
				CLANG_WARN_BOOL_CONVERSION = YES;
				CLANG_WARN_COMMA = YES;
				CLANG_WARN_CONSTANT_CONVERSION = YES;
				CLANG_WARN_DEPRECATED_OBJC_IMPLEMENTATIONS = YES;
				CLANG_WARN_DIRECT_OBJC_ISA_USAGE = YES_ERROR;
				CLANG_WARN_DOCUMENTATION_COMMENTS = YES;
				CLANG_WARN_EMPTY_BODY = YES;
				CLANG_WARN_ENUM_CONVERSION = YES;
				CLANG_WARN_INFINITE_RECURSION = YES;
				CLANG_WARN_INT_CONVERSION = YES;
				CLANG_WARN_NON_LITERAL_NULL_CONVERSION = YES;
				CLANG_WARN_OBJC_IMPLICIT_RETAIN_SELF = YES;
				CLANG_WARN_OBJC_LITERAL_CONVERSION = YES;
				CLANG_WARN_OBJC_ROOT_CLASS = YES_ERROR;
				CLANG_WARN_RANGE_LOOP_ANALYSIS = YES;
				CLANG_WARN_STRICT_PROTOTYPES = YES;
				CLANG_WARN_SUSPICIOUS_MOVE = YES;
				CLANG_WARN_UNGUARDED_AVAILABILITY = YES_AGGRESSIVE;
				CLANG_WARN_UNREACHABLE_CODE = YES;
				CLANG_WARN__DUPLICATE_METHOD_MATCH = YES;
				CODE_SIGN_IDENTITY = "iPhone Developer";
				COPY_PHASE_STRIP = NO;
				DEBUG_INFORMATION_FORMAT = "dwarf-with-dsym";
				ENABLE_NS_ASSERTIONS = NO;
				ENABLE_STRICT_OBJC_MSGSEND = YES;
				GCC_C_LANGUAGE_STANDARD = gnu11;
				GCC_NO_COMMON_BLOCKS = YES;
				GCC_WARN_64_TO_32_BIT_CONVERSION = YES;
				GCC_WARN_ABOUT_RETURN_TYPE = YES_ERROR;
				GCC_WARN_UNDECLARED_SELECTOR = YES;
				GCC_WARN_UNINITIALIZED_AUTOS = YES_AGGRESSIVE;
				GCC_WARN_UNUSED_FUNCTION = YES;
				GCC_WARN_UNUSED_VARIABLE = YES;
				IPHONEOS_DEPLOYMENT_TARGET = 12.1;
				MTL_ENABLE_DEBUG_INFO = NO;
				MTL_FAST_MATH = YES;
				SDKROOT = iphoneos;
				SWIFT_COMPILATION_MODE = wholemodule;
				SWIFT_OPTIMIZATION_LEVEL = "-O";
				VALIDATE_PRODUCT = YES;
			};
			name = Release;
		};
		A13207232218A10B00AFC297 /* Debug */ = {
			isa = XCBuildConfiguration;
			baseConfigurationReference = D1AA5A170AD6E196D0BAC68B /* Pods-AR-Duck-Hunt.debug.xcconfig */;
			buildSettings = {
				ASSETCATALOG_COMPILER_APPICON_NAME = AppIcon;
				CODE_SIGN_STYLE = Automatic;
				DEVELOPMENT_TEAM = 473KF7RKZN;
				INFOPLIST_FILE = "AR-Duck-Hunt/Info.plist";
				LD_RUNPATH_SEARCH_PATHS = (
					"$(inherited)",
					"@executable_path/Frameworks",
				);
				PRODUCT_BUNDLE_IDENTIFIER = "awu.AR-Duck-Hunt";
				PRODUCT_NAME = "$(TARGET_NAME)";
				SWIFT_VERSION = 4.2;
				TARGETED_DEVICE_FAMILY = "1,2";
			};
			name = Debug;
		};
		A13207242218A10B00AFC297 /* Release */ = {
			isa = XCBuildConfiguration;
			baseConfigurationReference = C81B2EDD76CDBEA553E76088 /* Pods-AR-Duck-Hunt.release.xcconfig */;
			buildSettings = {
				ASSETCATALOG_COMPILER_APPICON_NAME = AppIcon;
				CODE_SIGN_STYLE = Automatic;
				DEVELOPMENT_TEAM = 473KF7RKZN;
				INFOPLIST_FILE = "AR-Duck-Hunt/Info.plist";
				LD_RUNPATH_SEARCH_PATHS = (
					"$(inherited)",
					"@executable_path/Frameworks",
				);
				PRODUCT_BUNDLE_IDENTIFIER = "awu.AR-Duck-Hunt";
				PRODUCT_NAME = "$(TARGET_NAME)";
				SWIFT_VERSION = 4.2;
				TARGETED_DEVICE_FAMILY = "1,2";
			};
			name = Release;
		};
/* End XCBuildConfiguration section */

/* Begin XCConfigurationList section */
		A132070B2218A10A00AFC297 /* Build configuration list for PBXProject "AR-Duck-Hunt" */ = {
			isa = XCConfigurationList;
			buildConfigurations = (
				A13207202218A10B00AFC297 /* Debug */,
				A13207212218A10B00AFC297 /* Release */,
			);
			defaultConfigurationIsVisible = 0;
			defaultConfigurationName = Release;
		};
		A13207222218A10B00AFC297 /* Build configuration list for PBXNativeTarget "AR-Duck-Hunt" */ = {
			isa = XCConfigurationList;
			buildConfigurations = (
				A13207232218A10B00AFC297 /* Debug */,
				A13207242218A10B00AFC297 /* Release */,
			);
			defaultConfigurationIsVisible = 0;
			defaultConfigurationName = Release;
		};
/* End XCConfigurationList section */
	};
	rootObject = A13207082218A10A00AFC297 /* Project object */;
}
